{
    "_meta": {
        "hash": {
            "sha256": "0f4aeeee96cce23a7efcebcfe026d2b7b8540bba209a24c1f1d4f7ba22ec1558"
        },
        "pipfile-spec": 6,
        "requires": {
            "python_version": "3.8"
        },
        "sources": [
            {
                "name": "pypi",
                "url": "https://pypi.org/simple",
                "verify_ssl": true
            }
        ]
    },
    "default": {
        "attrs": {
            "hashes": [
                "sha256:08a96c641c3a74e44eb59afb61a24f2cb9f4d7188748e76ba4bb5edfa3cb7d1c",
                "sha256:f7b7ce16570fe9965acd6d30101a28f62fb4a7f9e926b3bbc9b61f8b04247e72"
            ],
            "version": "==19.3.0"
        },
        "flake8": {
            "hashes": [
                "sha256:c09e7e4ea0d91fa36f7b8439ca158e592be56524f0b67c39ab0ea2b85ed8f9a4",
                "sha256:f33c5320eaa459cdee6367016a4bf4ba2a9b81499ce56e6a32abbf0b8d3a2eb4"
            ],
            "index": "pypi",
            "version": "==3.8.0a2"
        },
        "flake8-bugbear": {
            "hashes": [
                "sha256:a3ddc03ec28ba2296fc6f89444d1c946a6b76460f859795b35b77d4920a51b63",
                "sha256:bd02e4b009fb153fe6072c31c52aeab5b133d508095befb2ffcf3b41c4823162"
            ],
            "index": "pypi",
            "version": "==20.1.4"
        },
        "flake8-builtins": {
            "hashes": [
                "sha256:a0296d23da92a6f2494243b9f2039bfdb73f34aba20054c1b70b2a60c84745bb",
                "sha256:fe7be13fe51bfb06bdae6096c6488e328c822c3aa080e24b91b77116a4fbb8b0"
            ],
            "index": "pypi",
            "version": "==1.5.2"
        },
        "flake8-class-newline": {
            "hashes": [
                "sha256:130a6991e8c58ec9a6380d273e449e61bcd974b446c97f1e16493f6350fa8d35",
                "sha256:44e77747396c7586bbfe7814df9caf17d92000cb70a5ef9df5d721c934c6db33",
                "sha256:514c4923c88eb8b3dd52db4b55b8d3483520db89db80af6ba812a4af15421ff1"
            ],
            "index": "pypi",
            "version": "==1.6.0"
        },
        "flake8-commas": {
            "hashes": [
                "sha256:d3005899466f51380387df7151fb59afec666a0f4f4a2c6a8995b975de0f44b7",
                "sha256:ee2141a3495ef9789a3894ed8802d03eff1eaaf98ce6d8653a7c573ef101935e"
            ],
            "index": "pypi",
            "version": "==2.0.0"
        },
        "flake8-comprehensions": {
            "hashes": [
                "sha256:d08323aa801aef33477cd33f2f5ce3acb1aafd26803ab0d171d85d514c1273a2",
                "sha256:e7db586bb6eb95afdfd87ed244c90e57ae1352db8ef0ad3012fca0200421e5df"
            ],
            "index": "pypi",
            "version": "==3.2.2"
        },
        "flake8-import-order": {
            "hashes": [
                "sha256:90a80e46886259b9c396b578d75c749801a41ee969a235e163cfe1be7afd2543",
                "sha256:a28dc39545ea4606c1ac3c24e9d05c849c6e5444a50fb7e9cdd430fc94de6e92"
            ],
            "index": "pypi",
            "version": "==0.18.1"
        },
        "flake8-polyfill": {
            "hashes": [
                "sha256:12be6a34ee3ab795b19ca73505e7b55826d5f6ad7230d31b18e106400169b9e9",
                "sha256:e44b087597f6da52ec6393a709e7108b2905317d0c0b744cdca6208e670d8eda"
            ],
            "version": "==1.0.2"
        },
        "flake8-print": {
            "hashes": [
                "sha256:324f9e59a522518daa2461bacd7f82da3c34eb26a4314c2a54bd493f8b394a68"
            ],
            "index": "pypi",
            "version": "==3.1.4"
        },
        "mccabe": {
            "hashes": [
                "sha256:ab8a6258860da4b6677da4bd2fe5dc2c659cff31b3ee4f7f5d64e79735b80d42",
                "sha256:dd8d182285a0fe56bace7f45b5e7d1a6ebcbf524e8f3bd87eb0f125271b8831f"
            ],
            "version": "==0.6.1"
        },
        "pep8-naming": {
            "hashes": [
                "sha256:5d9f1056cb9427ce344e98d1a7f5665710e2f20f748438e308995852cfa24164",
                "sha256:f3b4a5f9dd72b991bf7d8e2a341d2e1aa3a884a769b5aaac4f56825c1763bf3a"
            ],
            "index": "pypi",
            "version": "==0.10.0"
        },
        "pycodestyle": {
            "hashes": [
                "sha256:933bfe8d45355fbb35f9017d81fc51df8cb7ce58b82aca2568b870bf7bea1611",
                "sha256:c1362bf675a7c0171fa5f795917c570c2e405a97e5dc473b51f3656075d73acc"
            ],
            "version": "==2.6.0a1"
        },
        "pyflakes": {
            "hashes": [
                "sha256:0d94e0e05a19e57a99444b6ddcf9a6eb2e5c68d3ca1e98e90707af8152c90a92",
                "sha256:35b2d75ee967ea93b55750aa9edbbf72813e06a66ba54438df2cfac9e3c27fc8"
            ],
            "version": "==2.2.0"
        },
        "six": {
            "hashes": [
                "sha256:236bdbdce46e6e6a3d61a337c0f8b763ca1e8717c03b369e87a7ec7ce1319c0a",
                "sha256:8f3cd2e254d8f793e7f3d6d9df77b92252b52637291d0f0da013c76ea2724b6c"
            ],
            "version": "==1.14.0"
        }
    },
    "develop": {}
}
